GEM
  remote: https://rubygems.org/
  specs:
    android_key_attestation (0.3.0)
    base64 (0.3.0)
    bindata (2.5.1)
    cbor (0.5.10.2)
    cose (1.3.1)
      cbor (~> 0.5.9)
      openssl-signature_algorithm (~> 1.0)
    jwt (3.1.2)
      base64
    openssl (4.0.1)
    openssl-signature_algorithm (1.3.0)
      openssl (> 2.0)
    safety_net_attestation (0.5.0)
      jwt (>= 2.0, < 4.0)
    tpm-key_attestation (0.14.1)
      bindata (~> 2.4)
      openssl (> 2.0)
      openssl-signature_algorithm (~> 1.0)
    webauthn (3.4.3)
      android_key_attestation (~> 0.3.0)
      bindata (~> 2.4)
      cbor (~> 0.5.9)
      cose (~> 1.1)
      openssl (>= 2.2)
      safety_net_attestation (~> 0.5.0)
      tpm-key_attestation (~> 0.14.0)
    webrick (1.9.2)

PLATFORMS
  ruby
  x86_64-linux

DEPENDENCIES
  webauthn
  webrick

CHECKSUMS
  android_key_attestation (0.3.0) sha256=467eb01a99d2bb48ef9cf24cc13712669d7056cba5a52d009554ff037560570b
  base64 (0.3.0) sha256=27337aeabad6ffae05c265c450490628ef3ebd4b67be58257393227588f5a97b
  bindata (2.5.1) sha256=53186a1ec2da943d4cb413583d680644eb810aacbf8902497aac8f191fad9e58
  cbor (0.5.10.2) sha256=df5104f7a62c881123e6505441b1e276208be1771540c2cc3b1de8a210a7c52c
  cose (1.3.1) sha256=d5d4dbcd6b035d513edc4e1ab9bc10e9ce13b4011c96e3d1b8fe5e6413fd6de5
  jwt (3.1.2) sha256=af6991f19a6bb4060d618d9add7a66f0eeb005ac0bc017cd01f63b42e122d535
  openssl (4.0.1) sha256=e27974136b7b02894a1bce46c5397ee889afafe704a839446b54dc81cb9c5f7d
  openssl-signature_algorithm (1.3.0) sha256=a3b40b5e8276162d4a6e50c7c97cdaf1446f9b2c3946a6fa2c14628e0c957e80
  safety_net_attestation (0.5.0) sha256=c8cd01dd550dbe8553862918af6355a04672db11d218ec96104ce3955293f2aa
  tpm-key_attestation (0.14.1) sha256=7fd4e4653a7afd0a386632ddfb05d10ecfdd47678299c5e69165bc9ae111193f
  webauthn (3.4.3) sha256=9be6f5f838f3405b0226e560aa40b67cc8c15ec9154509b997caa7ec9a05e1fc
  webrick (1.9.2) sha256=beb4a15fc474defed24a3bda4ffd88a490d517c9e4e6118c3edce59e45864131

RUBY VERSION
  ruby 3.2.2

BUNDLED WITH
  4.0.8
